// !$*UTF8*$!
{
	archiveVersion = 1;
	classes = {
	};
	objectVersion = 50;
	objects = {

/* Begin PBXBuildFile section */
		E934C6B9253C2CC5002AF6D5 /* AppDelegate.swift in Sources */ = {isa = PBXBuildFile; fileRef = E934C6B8253C2CC5002AF6D5 /* AppDelegate.swift */; };
		E934C6BB253C2CC5002AF6D5 /* SceneDelegate.swift in Sources */ = {isa = PBXBuildFile; fileRef = E934C6BA253C2CC5002AF6D5 /* SceneDelegate.swift */; };
		E934C6BF253C2CC8002AF6D5 /* Assets.xcassets in Resources */ = {isa = PBXBuildFile; fileRef = E934C6BE253C2CC8002AF6D5 /* Assets.xcassets */; };
		E934C6C2253C2CC8002AF6D5 /* Preview Assets.xcassets in Resources */ = {isa = PBXBuildFile; fileRef = E934C6C1253C2CC8002AF6D5 /* Preview Assets.xcassets */; };
		E934C6C5253C2CC8002AF6D5 /* LaunchScreen.storyboard in Resources */ = {isa = PBXBuildFile; fileRef = E934C6C3253C2CC8002AF6D5 /* LaunchScreen.storyboard */; };
		E934C6D0253C2CC9002AF6D5 /* FeedsByRedditTests.swift in Sources */ = {isa = PBXBuildFile; fileRef = E934C6CF253C2CC9002AF6D5 /* FeedsByRedditTests.swift */; };
		E934C6DB253C2CC9002AF6D5 /* FeedsByRedditUITests.swift in Sources */ = {isa = PBXBuildFile; fileRef = E934C6DA253C2CC9002AF6D5 /* FeedsByRedditUITests.swift */; };
		E934C6ED253C353B002AF6D5 /* RedditFeedListView.swift in Sources */ = {isa = PBXBuildFile; fileRef = E934C6EC253C353B002AF6D5 /* RedditFeedListView.swift */; };
		E934C6F5253C3607002AF6D5 /* RedditFeedListItemView.swift in Sources */ = {isa = PBXBuildFile; fileRef = E934C6F4253C3606002AF6D5 /* RedditFeedListItemView.swift */; };
		E934C6FA253C3689002AF6D5 /* RedditFeedMetaDataView.swift in Sources */ = {isa = PBXBuildFile; fileRef = E934C6F9253C3689002AF6D5 /* RedditFeedMetaDataView.swift */; };
		E934C709253C37D2002AF6D5 /* RedditFeedAsyncImage.swift in Sources */ = {isa = PBXBuildFile; fileRef = E934C708253C37D2002AF6D5 /* RedditFeedAsyncImage.swift */; };
		E934C712253C3B06002AF6D5 /* RedditFeedListViewModel.swift in Sources */ = {isa = PBXBuildFile; fileRef = E934C711253C3B06002AF6D5 /* RedditFeedListViewModel.swift */; };
		E934C71A253C3BA2002AF6D5 /* RedditFeedImageLoader.swift in Sources */ = {isa = PBXBuildFile; fileRef = E934C719253C3BA2002AF6D5 /* RedditFeedImageLoader.swift */; };
		E934C71F253C437A002AF6D5 /* RedditFeedListContainer.swift in Sources */ = {isa = PBXBuildFile; fileRef = E934C71E253C4379002AF6D5 /* RedditFeedListContainer.swift */; };
		E934C73B253C4A45002AF6D5 /* RedditFeed.swift in Sources */ = {isa = PBXBuildFile; fileRef = E934C73A253C4A45002AF6D5 /* RedditFeed.swift */; };
		E934C76D253C5903002AF6D5 /* RedditFeedView.swift in Sources */ = {isa = PBXBuildFile; fileRef = E934C76C253C5903002AF6D5 /* RedditFeedView.swift */; };
		E934C779253CBAC3002AF6D5 /* Spinner.swift in Sources */ = {isa = PBXBuildFile; fileRef = E934C778253CBAC3002AF6D5 /* Spinner.swift */; };
		E934C77E253CBBCA002AF6D5 /* Helper.swift in Sources */ = {isa = PBXBuildFile; fileRef = E934C77D253CBBCA002AF6D5 /* Helper.swift */; };
		E95292FF253D8A2D00AD0D75 /* RedditFeedViewModelTest.swift in Sources */ = {isa = PBXBuildFile; fileRef = E95292FE253D8A2C00AD0D75 /* RedditFeedViewModelTest.swift */; };
		E9529325253DA7D500AD0D75 /* Primitives.swift in Sources */ = {isa = PBXBuildFile; fileRef = E9529324253DA7D400AD0D75 /* Primitives.swift */; };
		E952932C253DAA1A00AD0D75 /* RedditFeedFetcher.swift in Sources */ = {isa = PBXBuildFile; fileRef = E952932A253DAA1A00AD0D75 /* RedditFeedFetcher.swift */; };
		E952932D253DAA1A00AD0D75 /* RedditFeedResponse.swift in Sources */ = {isa = PBXBuildFile; fileRef = E952932B253DAA1A00AD0D75 /* RedditFeedResponse.swift */; };
/* End PBXBuildFile section */

/* Begin PBXContainerItemProxy section */
		E934C6CC253C2CC9002AF6D5 /* PBXContainerItemProxy */ = {
			isa = PBXContainerItemProxy;
			containerPortal = E934C6AD253C2CC5002AF6D5 /* Project object */;
			proxyType = 1;
			remoteGlobalIDString = E934C6B4253C2CC5002AF6D5;
			remoteInfo = FeedsByReddit;
		};
		E934C6D7253C2CC9002AF6D5 /* PBXContainerItemProxy */ = {
			isa = PBXContainerItemProxy;
			containerPortal = E934C6AD253C2CC5002AF6D5 /* Project object */;
			proxyType = 1;
			remoteGlobalIDString = E934C6B4253C2CC5002AF6D5;
			remoteInfo = FeedsByReddit;
		};
/* End PBXContainerItemProxy section */

/* Begin PBXFileReference section */
		E934C6B5253C2CC5002AF6D5 /* FeedsByReddit.app */ = {isa = PBXFileReference; explicitFileType = wrapper.application; includeInIndex = 0; path = FeedsByReddit.app; sourceTree = BUILT_PRODUCTS_DIR; };
		E934C6B8253C2CC5002AF6D5 /* AppDelegate.swift */ = {isa = PBXFileReference; lastKnownFileType = sourcecode.swift; path = AppDelegate.swift; sourceTree = "<group>"; };
		E934C6BA253C2CC5002AF6D5 /* SceneDelegate.swift */ = {isa = PBXFileReference; lastKnownFileType = sourcecode.swift; path = SceneDelegate.swift; sourceTree = "<group>"; };
		E934C6BE253C2CC8002AF6D5 /* Assets.xcassets */ = {isa = PBXFileReference; lastKnownFileType = folder.assetcatalog; path = Assets.xcassets; sourceTree = "<group>"; };
		E934C6C1253C2CC8002AF6D5 /* Preview Assets.xcassets */ = {isa = PBXFileReference; lastKnownFileType = folder.assetcatalog; path = "Preview Assets.xcassets"; sourceTree = "<group>"; };
		E934C6C4253C2CC8002AF6D5 /* Base */ = {isa = PBXFileReference; lastKnownFileType = file.storyboard; name = Base; path = Base.lproj/LaunchScreen.storyboard; sourceTree = "<group>"; };
		E934C6C6253C2CC8002AF6D5 /* Info.plist */ = {isa = PBXFileReference; lastKnownFileType = text.plist.xml; path = Info.plist; sourceTree = "<group>"; };
		E934C6CB253C2CC9002AF6D5 /* FeedsByRedditTests.xctest */ = {isa = PBXFileReference; explicitFileType = wrapper.cfbundle; includeInIndex = 0; path = FeedsByRedditTests.xctest; sourceTree = BUILT_PRODUCTS_DIR; };
		E934C6CF253C2CC9002AF6D5 /* FeedsByRedditTests.swift */ = {isa = PBXFileReference; lastKnownFileType = sourcecode.swift; path = FeedsByRedditTests.swift; sourceTree = "<group>"; };
		E934C6D1253C2CC9002AF6D5 /* Info.plist */ = {isa = PBXFileReference; lastKnownFileType = text.plist.xml; path = Info.plist; sourceTree = "<group>"; };
		E934C6D6253C2CC9002AF6D5 /* FeedsByRedditUITests.xctest */ = {isa = PBXFileReference; explicitFileType = wrapper.cfbundle; includeInIndex = 0; path = FeedsByRedditUITests.xctest; sourceTree = BUILT_PRODUCTS_DIR; };
		E934C6DA253C2CC9002AF6D5 /* FeedsByRedditUITests.swift */ = {isa = PBXFileReference; lastKnownFileType = sourcecode.swift; path = FeedsByRedditUITests.swift; sourceTree = "<group>"; };
		E934C6DC253C2CC9002AF6D5 /* Info.plist */ = {isa = PBXFileReference; lastKnownFileType = text.plist.xml; path = Info.plist; sourceTree = "<group>"; };
		E934C6EC253C353B002AF6D5 /* RedditFeedListView.swift */ = {isa = PBXFileReference; lastKnownFileType = sourcecode.swift; path = RedditFeedListView.swift; sourceTree = "<group>"; };
		E934C6F4253C3606002AF6D5 /* RedditFeedListItemView.swift */ = {isa = PBXFileReference; lastKnownFileType = sourcecode.swift; path = RedditFeedListItemView.swift; sourceTree = "<group>"; };
		E934C6F9253C3689002AF6D5 /* RedditFeedMetaDataView.swift */ = {isa = PBXFileReference; lastKnownFileType = sourcecode.swift; path = RedditFeedMetaDataView.swift; sourceTree = "<group>"; };
		E934C708253C37D2002AF6D5 /* RedditFeedAsyncImage.swift */ = {isa = PBXFileReference; lastKnownFileType = sourcecode.swift; path = RedditFeedAsyncImage.swift; sourceTree = "<group>"; };
		E934C711253C3B06002AF6D5 /* RedditFeedListViewModel.swift */ = {isa = PBXFileReference; lastKnownFileType = sourcecode.swift; path = RedditFeedListViewModel.swift; sourceTree = "<group>"; };
		E934C719253C3BA2002AF6D5 /* RedditFeedImageLoader.swift */ = {isa = PBXFileReference; lastKnownFileType = sourcecode.swift; path = RedditFeedImageLoader.swift; sourceTree = "<group>"; };
		E934C71E253C4379002AF6D5 /* RedditFeedListContainer.swift */ = {isa = PBXFileReference; lastKnownFileType = sourcecode.swift; path = RedditFeedListContainer.swift; sourceTree = "<group>"; };
		E934C73A253C4A45002AF6D5 /* RedditFeed.swift */ = {isa = PBXFileReference; lastKnownFileType = sourcecode.swift; path = RedditFeed.swift; sourceTree = "<group>"; };
		E934C76C253C5903002AF6D5 /* RedditFeedView.swift */ = {isa = PBXFileReference; lastKnownFileType = sourcecode.swift; path = RedditFeedView.swift; sourceTree = "<group>"; };
		E934C778253CBAC3002AF6D5 /* Spinner.swift */ = {isa = PBXFileReference; lastKnownFileType = sourcecode.swift; path = Spinner.swift; sourceTree = "<group>"; };
		E934C77D253CBBCA002AF6D5 /* Helper.swift */ = {isa = PBXFileReference; lastKnownFileType = sourcecode.swift; path = Helper.swift; sourceTree = "<group>"; };
		E95292FE253D8A2C00AD0D75 /* RedditFeedViewModelTest.swift */ = {isa = PBXFileReference; lastKnownFileType = sourcecode.swift; path = RedditFeedViewModelTest.swift; sourceTree = "<group>"; };
		E9529324253DA7D400AD0D75 /* Primitives.swift */ = {isa = PBXFileReference; lastKnownFileType = sourcecode.swift; path = Primitives.swift; sourceTree = "<group>"; };
		E952932A253DAA1A00AD0D75 /* RedditFeedFetcher.swift */ = {isa = PBXFileReference; fileEncoding = 4; lastKnownFileType = sourcecode.swift; path = RedditFeedFetcher.swift; sourceTree = "<group>"; };
		E952932B253DAA1A00AD0D75 /* RedditFeedResponse.swift */ = {isa = PBXFileReference; fileEncoding = 4; lastKnownFileType = sourcecode.swift; path = RedditFeedResponse.swift; sourceTree = "<group>"; };
/* End PBXFileReference section */

/* Begin PBXFrameworksBuildPhase section */
		E934C6B2253C2CC5002AF6D5 /* Frameworks */ = {
			isa = PBXFrameworksBuildPhase;
			buildActionMask = 2147483647;
			files = (
			);
			runOnlyForDeploymentPostprocessing = 0;
		};
		E934C6C8253C2CC9002AF6D5 /* Frameworks */ = {
			isa = PBXFrameworksBuildPhase;
			buildActionMask = 2147483647;
			files = (
			);
			runOnlyForDeploymentPostprocessing = 0;
		};
		E934C6D3253C2CC9002AF6D5 /* Frameworks */ = {
			isa = PBXFrameworksBuildPhase;
			buildActionMask = 2147483647;
			files = (
			);
			runOnlyForDeploymentPostprocessing = 0;
		};
/* End PBXFrameworksBuildPhase section */

/* Begin PBXGroup section */
		E934C6AC253C2CC5002AF6D5 = {
			isa = PBXGroup;
			children = (
				E934C6B7253C2CC5002AF6D5 /* FeedsByReddit */,
				E934C6CE253C2CC9002AF6D5 /* FeedsByRedditTests */,
				E934C6D9253C2CC9002AF6D5 /* FeedsByRedditUITests */,
				E934C6B6253C2CC5002AF6D5 /* Products */,
			);
			sourceTree = "<group>";
		};
		E934C6B6253C2CC5002AF6D5 /* Products */ = {
			isa = PBXGroup;
			children = (
				E934C6B5253C2CC5002AF6D5 /* FeedsByReddit.app */,
				E934C6CB253C2CC9002AF6D5 /* FeedsByRedditTests.xctest */,
				E934C6D6253C2CC9002AF6D5 /* FeedsByRedditUITests.xctest */,
			);
			name = Products;
			sourceTree = "<group>";
		};
		E934C6B7253C2CC5002AF6D5 /* FeedsByReddit */ = {
			isa = PBXGroup;
			children = (
				E934C6B8253C2CC5002AF6D5 /* AppDelegate.swift */,
				E934C6BA253C2CC5002AF6D5 /* SceneDelegate.swift */,
				E9529329253DAA1A00AD0D75 /* Services */,
				E934C723253C4573002AF6D5 /* Model */,
				E934C6EB253C34ED002AF6D5 /* View */,
				E934C710253C392B002AF6D5 /* ViewModel */,
				E934C6BE253C2CC8002AF6D5 /* Assets.xcassets */,
				E934C6C3253C2CC8002AF6D5 /* LaunchScreen.storyboard */,
				E934C6C6253C2CC8002AF6D5 /* Info.plist */,
				E934C777253CBAB1002AF6D5 /* Common */,
				E934C6C0253C2CC8002AF6D5 /* Preview Content */,
			);
			path = FeedsByReddit;
			sourceTree = "<group>";
		};
		E934C6C0253C2CC8002AF6D5 /* Preview Content */ = {
			isa = PBXGroup;
			children = (
				E934C6C1253C2CC8002AF6D5 /* Preview Assets.xcassets */,
			);
			path = "Preview Content";
			sourceTree = "<group>";
		};
		E934C6CE253C2CC9002AF6D5 /* FeedsByRedditTests */ = {
			isa = PBXGroup;
			children = (
				E934C6CF253C2CC9002AF6D5 /* FeedsByRedditTests.swift */,
				E95292FE253D8A2C00AD0D75 /* RedditFeedViewModelTest.swift */,
				E934C6D1253C2CC9002AF6D5 /* Info.plist */,
			);
			path = FeedsByRedditTests;
			sourceTree = "<group>";
		};
		E934C6D9253C2CC9002AF6D5 /* FeedsByRedditUITests */ = {
			isa = PBXGroup;
			children = (
				E934C6DA253C2CC9002AF6D5 /* FeedsByRedditUITests.swift */,
				E934C6DC253C2CC9002AF6D5 /* Info.plist */,
			);
			path = FeedsByRedditUITests;
			sourceTree = "<group>";
		};
		E934C6EB253C34ED002AF6D5 /* View */ = {
			isa = PBXGroup;
			children = (
				E934C76C253C5903002AF6D5 /* RedditFeedView.swift */,
				E934C71E253C4379002AF6D5 /* RedditFeedListContainer.swift */,
				E934C6EC253C353B002AF6D5 /* RedditFeedListView.swift */,
				E934C6F4253C3606002AF6D5 /* RedditFeedListItemView.swift */,
				E934C6F9253C3689002AF6D5 /* RedditFeedMetaDataView.swift */,
				E934C708253C37D2002AF6D5 /* RedditFeedAsyncImage.swift */,
			);
			path = View;
			sourceTree = "<group>";
		};
		E934C710253C392B002AF6D5 /* ViewModel */ = {
			isa = PBXGroup;
			children = (
				E934C711253C3B06002AF6D5 /* RedditFeedListViewModel.swift */,
				E934C719253C3BA2002AF6D5 /* RedditFeedImageLoader.swift */,
			);
			path = ViewModel;
			sourceTree = "<group>";
		};
		E934C723253C4573002AF6D5 /* Model */ = {
			isa = PBXGroup;
			children = (
				E934C73A253C4A45002AF6D5 /* RedditFeed.swift */,
				E9529324253DA7D400AD0D75 /* Primitives.swift */,
			);
			path = Model;
			sourceTree = "<group>";
		};
		E934C777253CBAB1002AF6D5 /* Common */ = {
			isa = PBXGroup;
			children = (
				E934C778253CBAC3002AF6D5 /* Spinner.swift */,
				E934C77D253CBBCA002AF6D5 /* Helper.swift */,
			);
			path = Common;
			sourceTree = "<group>";
		};
		E9529329253DAA1A00AD0D75 /* Services */ = {
			isa = PBXGroup;
			children = (
				E952932A253DAA1A00AD0D75 /* RedditFeedFetcher.swift */,
				E952932B253DAA1A00AD0D75 /* RedditFeedResponse.swift */,
			);
			path = Services;
			sourceTree = "<group>";
		};
/* End PBXGroup section */

/* Begin PBXNativeTarget section */
		E934C6B4253C2CC5002AF6D5 /* FeedsByReddit */ = {
			isa = PBXNativeTarget;
			buildConfigurationList = E934C6DF253C2CC9002AF6D5 /* Build configuration list for PBXNativeTarget "FeedsByReddit" */;
			buildPhases = (
				E934C6B1253C2CC5002AF6D5 /* Sources */,
				E934C6B2253C2CC5002AF6D5 /* Frameworks */,
				E934C6B3253C2CC5002AF6D5 /* Resources */,
			);
			buildRules = (
			);
			dependencies = (
			);
			name = FeedsByReddit;
			productName = FeedsByReddit;
			productReference = E934C6B5253C2CC5002AF6D5 /* FeedsByReddit.app */;
			productType = "com.apple.product-type.application";
		};
		E934C6CA253C2CC9002AF6D5 /* FeedsByRedditTests */ = {
			isa = PBXNativeTarget;
			buildConfigurationList = E934C6E2253C2CC9002AF6D5 /* Build configuration list for PBXNativeTarget "FeedsByRedditTests" */;
			buildPhases = (
				E934C6C7253C2CC9002AF6D5 /* Sources */,
				E934C6C8253C2CC9002AF6D5 /* Frameworks */,
				E934C6C9253C2CC9002AF6D5 /* Resources */,
			);
			buildRules = (
			);
			dependencies = (
				E934C6CD253C2CC9002AF6D5 /* PBXTargetDependency */,
			);
			name = FeedsByRedditTests;
			productName = FeedsByRedditTests;
			productReference = E934C6CB253C2CC9002AF6D5 /* FeedsByRedditTests.xctest */;
			productType = "com.apple.product-type.bundle.unit-test";
		};
		E934C6D5253C2CC9002AF6D5 /* FeedsByRedditUITests */ = {
			isa = PBXNativeTarget;
			buildConfigurationList = E934C6E5253C2CC9002AF6D5 /* Build configuration list for PBXNativeTarget "FeedsByRedditUITests" */;
			buildPhases = (
				E934C6D2253C2CC9002AF6D5 /* Sources */,
				E934C6D3253C2CC9002AF6D5 /* Frameworks */,
				E934C6D4253C2CC9002AF6D5 /* Resources */,
			);
			buildRules = (
			);
			dependencies = (
				E934C6D8253C2CC9002AF6D5 /* PBXTargetDependency */,
			);
			name = FeedsByRedditUITests;
			productName = FeedsByRedditUITests;
			productReference = E934C6D6253C2CC9002AF6D5 /* FeedsByRedditUITests.xctest */;
			productType = "com.apple.product-type.bundle.ui-testing";
		};
/* End PBXNativeTarget section */

/* Begin PBXProject section */
		E934C6AD253C2CC5002AF6D5 /* Project object */ = {
			isa = PBXProject;
			attributes = {
				LastSwiftUpdateCheck = 1200;
				LastUpgradeCheck = 1200;
				TargetAttributes = {
					E934C6B4253C2CC5002AF6D5 = {
						CreatedOnToolsVersion = 12.0.1;
					};
					E934C6CA253C2CC9002AF6D5 = {
						CreatedOnToolsVersion = 12.0.1;
						TestTargetID = E934C6B4253C2CC5002AF6D5;
					};
					E934C6D5253C2CC9002AF6D5 = {
						CreatedOnToolsVersion = 12.0.1;
						TestTargetID = E934C6B4253C2CC5002AF6D5;
					};
				};
			};
			buildConfigurationList = E934C6B0253C2CC5002AF6D5 /* Build configuration list for PBXProject "FeedsByReddit" */;
			compatibilityVersion = "Xcode 9.3";
			developmentRegion = en;
			hasScannedForEncodings = 0;
			knownRegions = (
				en,
				Base,
			);
			mainGroup = E934C6AC253C2CC5002AF6D5;
			productRefGroup = E934C6B6253C2CC5002AF6D5 /* Products */;
			projectDirPath = "";
			projectRoot = "";
			targets = (
				E934C6B4253C2CC5002AF6D5 /* FeedsByReddit */,
				E934C6CA253C2CC9002AF6D5 /* FeedsByRedditTests */,
				E934C6D5253C2CC9002AF6D5 /* FeedsByRedditUITests */,
			);
		};
/* End PBXProject section */

/* Begin PBXResourcesBuildPhase section */
		E934C6B3253C2CC5002AF6D5 /* Resources */ = {
			isa = PBXResourcesBuildPhase;
			buildActionMask = 2147483647;
			files = (
				E934C6C5253C2CC8002AF6D5 /* LaunchScreen.storyboard in Resources */,
				E934C6C2253C2CC8002AF6D5 /* Preview Assets.xcassets in Resources */,
				E934C6BF253C2CC8002AF6D5 /* Assets.xcassets in Resources */,
			);
			runOnlyForDeploymentPostprocessing = 0;
		};
		E934C6C9253C2CC9002AF6D5 /* Resources */ = {
			isa = PBXResourcesBuildPhase;
			buildActionMask = 2147483647;
			files = (
			);
			runOnlyForDeploymentPostprocessing = 0;
		};
		E934C6D4253C2CC9002AF6D5 /* Resources */ = {
			isa = PBXResourcesBuildPhase;
			buildActionMask = 2147483647;
			files = (
			);
			runOnlyForDeploymentPostprocessing = 0;
		};
/* End PBXResourcesBuildPhase section */

/* Begin PBXSourcesBuildPhase section */
		E934C6B1253C2CC5002AF6D5 /* Sources */ = {
			isa = PBXSourcesBuildPhase;
			buildActionMask = 2147483647;
			files = (
				E934C6B9253C2CC5002AF6D5 /* AppDelegate.swift in Sources */,
				E934C71A253C3BA2002AF6D5 /* RedditFeedImageLoader.swift in Sources */,
				E934C6BB253C2CC5002AF6D5 /* SceneDelegate.swift in Sources */,
				E934C6FA253C3689002AF6D5 /* RedditFeedMetaDataView.swift in Sources */,
				E934C709253C37D2002AF6D5 /* RedditFeedAsyncImage.swift in Sources */,
				E934C779253CBAC3002AF6D5 /* Spinner.swift in Sources */,
				E9529325253DA7D500AD0D75 /* Primitives.swift in Sources */,
				E952932D253DAA1A00AD0D75 /* RedditFeedResponse.swift in Sources */,
				E934C77E253CBBCA002AF6D5 /* Helper.swift in Sources */,
				E934C73B253C4A45002AF6D5 /* RedditFeed.swift in Sources */,
				E934C76D253C5903002AF6D5 /* RedditFeedView.swift in Sources */,
				E934C71F253C437A002AF6D5 /* RedditFeedListContainer.swift in Sources */,
				E934C6F5253C3607002AF6D5 /* RedditFeedListItemView.swift in Sources */,
				E934C6ED253C353B002AF6D5 /* RedditFeedListView.swift in Sources */,
				E952932C253DAA1A00AD0D75 /* RedditFeedFetcher.swift in Sources */,
				E934C712253C3B06002AF6D5 /* RedditFeedListViewModel.swift in Sources */,
			);
			runOnlyForDeploymentPostprocessing = 0;
		};
		E934C6C7253C2CC9002AF6D5 /* Sources */ = {
			isa = PBXSourcesBuildPhase;
			buildActionMask = 2147483647;
			files = (
				E934C6D0253C2CC9002AF6D5 /* FeedsByRedditTests.swift in Sources */,
				E95292FF253D8A2D00AD0D75 /* RedditFeedViewModelTest.swift in Sources */,
			);
			runOnlyForDeploymentPostprocessing = 0;
		};
		E934C6D2253C2CC9002AF6D5 /* Sources */ = {
			isa = PBXSourcesBuildPhase;
			buildActionMask = 2147483647;
			files = (
				E934C6DB253C2CC9002AF6D5 /* FeedsByRedditUITests.swift in Sources */,
			);
			runOnlyForDeploymentPostprocessing = 0;
		};
/* End PBXSourcesBuildPhase section */

/* Begin PBXTargetDependency section */
		E934C6CD253C2CC9002AF6D5 /* PBXTargetDependency */ = {
			isa = PBXTargetDependency;
			target = E934C6B4253C2CC5002AF6D5 /* FeedsByReddit */;
			targetProxy = E934C6CC253C2CC9002AF6D5 /* PBXContainerItemProxy */;
		};
		E934C6D8253C2CC9002AF6D5 /* PBXTargetDependency */ = {
			isa = PBXTargetDependency;
			target = E934C6B4253C2CC5002AF6D5 /* FeedsByReddit */;
			targetProxy = E934C6D7253C2CC9002AF6D5 /* PBXContainerItemProxy */;
		};
/* End PBXTargetDependency section */

/* Begin PBXVariantGroup section */
		E934C6C3253C2CC8002AF6D5 /* LaunchScreen.storyboard */ = {
			isa = PBXVariantGroup;
			children = (
				E934C6C4253C2CC8002AF6D5 /* Base */,
			);
			name = LaunchScreen.storyboard;
			sourceTree = "<group>";
		};
/* End PBXVariantGroup section */

/* Begin XCBuildConfiguration section */
		E934C6DD253C2CC9002AF6D5 /* Debug */ = {
			isa = XCBuildConfiguration;
			buildSettings = {
				ALWAYS_SEARCH_USER_PATHS = NO;
				CLANG_ANALYZER_NONNULL = YES;
				CLANG_ANALYZER_NUMBER_OBJECT_CONVERSION = YES_AGGRESSIVE;
				CLANG_CXX_LANGUAGE_STANDARD = "gnu++14";
				CLANG_CXX_LIBRARY = "libc++";
				CLANG_ENABLE_MODULES = YES;
				CLANG_ENABLE_OBJC_ARC = YES;
				CLANG_ENABLE_OBJC_WEAK = YES;
				CLANG_WARN_BLOCK_CAPTURE_AUTORELEASING = YES;
				CLANG_WARN_BOOL_CONVERSION = YES;
				CLANG_WARN_COMMA = YES;
				CLANG_WARN_CONSTANT_CONVERSION = YES;
				CLANG_WARN_DEPRECATED_OBJC_IMPLEMENTATIONS = YES;
				CLANG_WARN_DIRECT_OBJC_ISA_USAGE = YES_ERROR;
				CLANG_WARN_DOCUMENTATION_COMMENTS = YES;
				CLANG_WARN_EMPTY_BODY = YES;
				CLANG_WARN_ENUM_CONVERSION = YES;
				CLANG_WARN_INFINITE_RECURSION = YES;
				CLANG_WARN_INT_CONVERSION = YES;
				CLANG_WARN_NON_LITERAL_NULL_CONVERSION = YES;
				CLANG_WARN_OBJC_IMPLICIT_RETAIN_SELF = YES;
				CLANG_WARN_OBJC_LITERAL_CONVERSION = YES;
				CLANG_WARN_OBJC_ROOT_CLASS = YES_ERROR;
				CLANG_WARN_QUOTED_INCLUDE_IN_FRAMEWORK_HEADER = YES;
				CLANG_WARN_RANGE_LOOP_ANALYSIS = YES;
				CLANG_WARN_STRICT_PROTOTYPES = YES;
				CLANG_WARN_SUSPICIOUS_MOVE = YES;
				CLANG_WARN_UNGUARDED_AVAILABILITY = YES_AGGRESSIVE;
				CLANG_WARN_UNREACHABLE_CODE = YES;
				CLANG_WARN__DUPLICATE_METHOD_MATCH = YES;
				COPY_PHASE_STRIP = NO;
				DEBUG_INFORMATION_FORMAT = dwarf;
				ENABLE_STRICT_OBJC_MSGSEND = YES;
				ENABLE_TESTABILITY = YES;
				GCC_C_LANGUAGE_STANDARD = gnu11;
				GCC_DYNAMIC_NO_PIC = NO;
				GCC_NO_COMMON_BLOCKS = YES;
				GCC_OPTIMIZATION_LEVEL = 0;
				GCC_PREPROCESSOR_DEFINITIONS = (
					"DEBUG=1",
					"$(inherited)",
				);
				GCC_WARN_64_TO_32_BIT_CONVERSION = YES;
				GCC_WARN_ABOUT_RETURN_TYPE = YES_ERROR;
				GCC_WARN_UNDECLARED_SELECTOR = YES;
				GCC_WARN_UNINITIALIZED_AUTOS = YES_AGGRESSIVE;
				GCC_WARN_UNUSED_FUNCTION = YES;
				GCC_WARN_UNUSED_VARIABLE = YES;
				IPHONEOS_DEPLOYMENT_TARGET = 14.0;
				MTL_ENABLE_DEBUG_INFO = INCLUDE_SOURCE;
				MTL_FAST_MATH = YES;
				ONLY_ACTIVE_ARCH = YES;
				SDKROOT = iphoneos;
				SWIFT_ACTIVE_COMPILATION_CONDITIONS = DEBUG;
				SWIFT_OPTIMIZATION_LEVEL = "-Onone";
			};
			name = Debug;
		};
		E934C6DE253C2CC9002AF6D5 /* Release */ = {
			isa = XCBuildConfiguration;
			buildSettings = {
				ALWAYS_SEARCH_USER_PATHS = NO;
				CLANG_ANALYZER_NONNULL = YES;
				CLANG_ANALYZER_NUMBER_OBJECT_CONVERSION = YES_AGGRESSIVE;
				CLANG_CXX_LANGUAGE_STANDARD = "gnu++14";
				CLANG_CXX_LIBRARY = "libc++";
				CLANG_ENABLE_MODULES = YES;
				CLANG_ENABLE_OBJC_ARC = YES;
				CLANG_ENABLE_OBJC_WEAK = YES;
				CLANG_WARN_BLOCK_CAPTURE_AUTORELEASING = YES;
				CLANG_WARN_BOOL_CONVERSION = YES;
				CLANG_WARN_COMMA = YES;
				CLANG_WARN_CONSTANT_CONVERSION = YES;
				CLANG_WARN_DEPRECATED_OBJC_IMPLEMENTATIONS = YES;
				CLANG_WARN_DIRECT_OBJC_ISA_USAGE = YES_ERROR;
				CLANG_WARN_DOCUMENTATION_COMMENTS = YES;
				CLANG_WARN_EMPTY_BODY = YES;
				CLANG_WARN_ENUM_CONVERSION = YES;
				CLANG_WARN_INFINITE_RECURSION = YES;
				CLANG_WARN_INT_CONVERSION = YES;
				CLANG_WARN_NON_LITERAL_NULL_CONVERSION = YES;
				CLANG_WARN_OBJC_IMPLICIT_RETAIN_SELF = YES;
				CLANG_WARN_OBJC_LITERAL_CONVERSION = YES;
				CLANG_WARN_OBJC_ROOT_CLASS = YES_ERROR;
				CLANG_WARN_QUOTED_INCLUDE_IN_FRAMEWORK_HEADER = YES;
				CLANG_WARN_RANGE_LOOP_ANALYSIS = YES;
				CLANG_WARN_STRICT_PROTOTYPES = YES;
				CLANG_WARN_SUSPICIOUS_MOVE = YES;
				CLANG_WARN_UNGUARDED_AVAILABILITY = YES_AGGRESSIVE;
				CLANG_WARN_UNREACHABLE_CODE = YES;
				CLANG_WARN__DUPLICATE_METHOD_MATCH = YES;
				COPY_PHASE_STRIP = NO;
				DEBUG_INFORMATION_FORMAT = "dwarf-with-dsym";
				ENABLE_NS_ASSERTIONS = NO;
				ENABLE_STRICT_OBJC_MSGSEND = YES;
				GCC_C_LANGUAGE_STANDARD = gnu11;
				GCC_NO_COMMON_BLOCKS = YES;
				GCC_WARN_64_TO_32_BIT_CONVERSION = YES;
				GCC_WARN_ABOUT_RETURN_TYPE = YES_ERROR;
				GCC_WARN_UNDECLARED_SELECTOR = YES;
				GCC_WARN_UNINITIALIZED_AUTOS = YES_AGGRESSIVE;
				GCC_WARN_UNUSED_FUNCTION = YES;
				GCC_WARN_UNUSED_VARIABLE = YES;
				IPHONEOS_DEPLOYMENT_TARGET = 14.0;
				MTL_ENABLE_DEBUG_INFO = NO;
				MTL_FAST_MATH = YES;
				SDKROOT = iphoneos;
				SWIFT_COMPILATION_MODE = wholemodule;
				SWIFT_OPTIMIZATION_LEVEL = "-O";
				VALIDATE_PRODUCT = YES;
			};
			name = Release;
		};
		E934C6E0253C2CC9002AF6D5 /* Debug */ = {
			isa = XCBuildConfiguration;
			buildSettings = {
				ASSETCATALOG_COMPILER_APPICON_NAME = AppIcon;
				ASSETCATALOG_COMPILER_GLOBAL_ACCENT_COLOR_NAME = AccentColor;
				CODE_SIGN_STYLE = Automatic;
				DEVELOPMENT_ASSET_PATHS = "\"FeedsByReddit/Preview Content\"";
				ENABLE_PREVIEWS = YES;
				INFOPLIST_FILE = FeedsByReddit/Info.plist;
				LD_RUNPATH_SEARCH_PATHS = (
					"$(inherited)",
					"@executable_path/Frameworks",
				);
				PRODUCT_BUNDLE_IDENTIFIER = com.prashant.FeedsByReddit;
				PRODUCT_NAME = "$(TARGET_NAME)";
				SWIFT_VERSION = 5.0;
				TARGETED_DEVICE_FAMILY = "1,2";
			};
			name = Debug;
		};
		E934C6E1253C2CC9002AF6D5 /* Release */ = {
			isa = XCBuildConfiguration;
			buildSettings = {
				ASSETCATALOG_COMPILER_APPICON_NAME = AppIcon;
				ASSETCATALOG_COMPILER_GLOBAL_ACCENT_COLOR_NAME = AccentColor;
				CODE_SIGN_STYLE = Automatic;
				DEVELOPMENT_ASSET_PATHS = "\"FeedsByReddit/Preview Content\"";
				ENABLE_PREVIEWS = YES;
				INFOPLIST_FILE = FeedsByReddit/Info.plist;
				LD_RUNPATH_SEARCH_PATHS = (
					"$(inherited)",
					"@executable_path/Frameworks",
				);
				PRODUCT_BUNDLE_IDENTIFIER = com.prashant.FeedsByReddit;
				PRODUCT_NAME = "$(TARGET_NAME)";
				SWIFT_VERSION = 5.0;
				TARGETED_DEVICE_FAMILY = "1,2";
			};
			name = Release;
		};
		E934C6E3253C2CC9002AF6D5 /* Debug */ = {
			isa = XCBuildConfiguration;
			buildSettings = {
				ALWAYS_EMBED_SWIFT_STANDARD_LIBRARIES = YES;
				BUNDLE_LOADER = "$(TEST_HOST)";
				CODE_SIGN_STYLE = Automatic;
				INFOPLIST_FILE = FeedsByRedditTests/Info.plist;
				IPHONEOS_DEPLOYMENT_TARGET = 14.0;
				LD_RUNPATH_SEARCH_PATHS = (
					"$(inherited)",
					"@executable_path/Frameworks",
					"@loader_path/Frameworks",
				);
				PRODUCT_BUNDLE_IDENTIFIER = com.prashant.FeedsByRedditTests;
				PRODUCT_NAME = "$(TARGET_NAME)";
				SWIFT_VERSION = 5.0;
				TARGETED_DEVICE_FAMILY = "1,2";
				TEST_HOST = "$(BUILT_PRODUCTS_DIR)/FeedsByReddit.app/FeedsByReddit";
			};
			name = Debug;
		};
		E934C6E4253C2CC9002AF6D5 /* Release */ = {
			isa = XCBuildConfiguration;
			buildSettings = {
				ALWAYS_EMBED_SWIFT_STANDARD_LIBRARIES = YES;
				BUNDLE_LOADER = "$(TEST_HOST)";
				CODE_SIGN_STYLE = Automatic;
				INFOPLIST_FILE = FeedsByRedditTests/Info.plist;
				IPHONEOS_DEPLOYMENT_TARGET = 14.0;
				LD_RUNPATH_SEARCH_PATHS = (
					"$(inherited)",
					"@executable_path/Frameworks",
					"@loader_path/Frameworks",
				);
				PRODUCT_BUNDLE_IDENTIFIER = com.prashant.FeedsByRedditTests;
				PRODUCT_NAME = "$(TARGET_NAME)";
				SWIFT_VERSION = 5.0;
				TARGETED_DEVICE_FAMILY = "1,2";
				TEST_HOST = "$(BUILT_PRODUCTS_DIR)/FeedsByReddit.app/FeedsByReddit";
			};
			name = Release;
		};
		E934C6E6253C2CC9002AF6D5 /* Debug */ = {
			isa = XCBuildConfiguration;
			buildSettings = {
				ALWAYS_EMBED_SWIFT_STANDARD_LIBRARIES = YES;
				CODE_SIGN_STYLE = Automatic;
				INFOPLIST_FILE = FeedsByRedditUITests/Info.plist;
				LD_RUNPATH_SEARCH_PATHS = (
					"$(inherited)",
					"@executable_path/Frameworks",
					"@loader_path/Frameworks",
				);
				PRODUCT_BUNDLE_IDENTIFIER = com.prashant.FeedsByRedditUITests;
				PRODUCT_NAME = "$(TARGET_NAME)";
				SWIFT_VERSION = 5.0;
				TARGETED_DEVICE_FAMILY = "1,2";
				TEST_TARGET_NAME = FeedsByReddit;
			};
			name = Debug;
		};
		E934C6E7253C2CC9002AF6D5 /* Release */ = {
			isa = XCBuildConfiguration;
			buildSettings = {
				ALWAYS_EMBED_SWIFT_STANDARD_LIBRARIES = YES;
				CODE_SIGN_STYLE = Automatic;
				INFOPLIST_FILE = FeedsByRedditUITests/Info.plist;
				LD_RUNPATH_SEARCH_PATHS = (
					"$(inherited)",
					"@executable_path/Frameworks",
					"@loader_path/Frameworks",
				);
				PRODUCT_BUNDLE_IDENTIFIER = com.prashant.FeedsByRedditUITests;
				PRODUCT_NAME = "$(TARGET_NAME)";
				SWIFT_VERSION = 5.0;
				TARGETED_DEVICE_FAMILY = "1,2";
				TEST_TARGET_NAME = FeedsByReddit;
			};
			name = Release;
		};
/* End XCBuildConfiguration section */

/* Begin XCConfigurationList section */
		E934C6B0253C2CC5002AF6D5 /* Build configuration list for PBXProject "FeedsByReddit" */ = {
			isa = XCConfigurationList;
			buildConfigurations = (
				E934C6DD253C2CC9002AF6D5 /* Debug */,
				E934C6DE253C2CC9002AF6D5 /* Release */,
			);
			defaultConfigurationIsVisible = 0;
			defaultConfigurationName = Release;
		};
		E934C6DF253C2CC9002AF6D5 /* Build configuration list for PBXNativeTarget "FeedsByReddit" */ = {
			isa = XCConfigurationList;
			buildConfigurations = (
				E934C6E0253C2CC9002AF6D5 /* Debug */,
				E934C6E1253C2CC9002AF6D5 /* Release */,
			);
			defaultConfigurationIsVisible = 0;
			defaultConfigurationName = Release;
		};
		E934C6E2253C2CC9002AF6D5 /* Build configuration list for PBXNativeTarget "FeedsByRedditTests" */ = {
			isa = XCConfigurationList;
			buildConfigurations = (
				E934C6E3253C2CC9002AF6D5 /* Debug */,
				E934C6E4253C2CC9002AF6D5 /* Release */,
			);
			defaultConfigurationIsVisible = 0;
			defaultConfigurationName = Release;
		};
		E934C6E5253C2CC9002AF6D5 /* Build configuration list for PBXNativeTarget "FeedsByRedditUITests" */ = {
			isa = XCConfigurationList;
			buildConfigurations = (
				E934C6E6253C2CC9002AF6D5 /* Debug */,
				E934C6E7253C2CC9002AF6D5 /* Release */,
			);
			defaultConfigurationIsVisible = 0;
			defaultConfigurationName = Release;
		};
/* End XCConfigurationList section */
	};
	rootObject = E934C6AD253C2CC5002AF6D5 /* Project object */;
}
